// !$*UTF8*$!
{
	archiveVersion = 1;
	classes = {
	};
	objectVersion = 51;
	objects = {

/* Begin PBXBuildFile section */
		A54E07A6250E75EC00BE8E3A /* AppDelegate.swift in Sources */ = {isa = PBXBuildFile; fileRef = A54E07A5250E75EC00BE8E3A /* AppDelegate.swift */; };
		A54E07A8250E75EC00BE8E3A /* SceneDelegate.swift in Sources */ = {isa = PBXBuildFile; fileRef = A54E07A7250E75EC00BE8E3A /* SceneDelegate.swift */; };
		A54E07AA250E75EC00BE8E3A /* ConversationsViewController.swift in Sources */ = {isa = PBXBuildFile; fileRef = A54E07A9250E75EC00BE8E3A /* ConversationsViewController.swift */; };
		A54E07AD250E75EC00BE8E3A /* Main.storyboard in Resources */ = {isa = PBXBuildFile; fileRef = A54E07AB250E75EC00BE8E3A /* Main.storyboard */; };
		A54E07AF250E75F000BE8E3A /* Assets.xcassets in Resources */ = {isa = PBXBuildFile; fileRef = A54E07AE250E75F000BE8E3A /* Assets.xcassets */; };
		A54E07B2250E75F000BE8E3A /* LaunchScreen.storyboard in Resources */ = {isa = PBXBuildFile; fileRef = A54E07B0250E75F000BE8E3A /* LaunchScreen.storyboard */; };
		A54E07C0250E79B100BE8E3A /* LoginViewController.swift in Sources */ = {isa = PBXBuildFile; fileRef = A54E07BF250E79B100BE8E3A /* LoginViewController.swift */; };
		A54E07C2250E79CF00BE8E3A /* RegisterViewController.swift in Sources */ = {isa = PBXBuildFile; fileRef = A54E07C1250E79CF00BE8E3A /* RegisterViewController.swift */; };
		A54E07C4250E7A0100BE8E3A /* PhotoViewerViewController.swift in Sources */ = {isa = PBXBuildFile; fileRef = A54E07C3250E7A0100BE8E3A /* PhotoViewerViewController.swift */; };
		A54E07C6250E7A1A00BE8E3A /* VideoPlayerViewController.swift in Sources */ = {isa = PBXBuildFile; fileRef = A54E07C5250E7A1A00BE8E3A /* VideoPlayerViewController.swift */; };
		A54E07C8250E7A4900BE8E3A /* NewConversationViewController.swift in Sources */ = {isa = PBXBuildFile; fileRef = A54E07C7250E7A4900BE8E3A /* NewConversationViewController.swift */; };
		A54E07CA250E7AF400BE8E3A /* ProfileViewController.swift in Sources */ = {isa = PBXBuildFile; fileRef = A54E07C9250E7AF400BE8E3A /* ProfileViewController.swift */; };
		A54E07CD250E8DD500BE8E3A /* Extensions.swift in Sources */ = {isa = PBXBuildFile; fileRef = A54E07CC250E8DD500BE8E3A /* Extensions.swift */; };
		A54E4C4B250F822900069EC0 /* GoogleService-Info.plist in Resources */ = {isa = PBXBuildFile; fileRef = A54E4C4A250F822900069EC0 /* GoogleService-Info.plist */; };
		A54E4C4D250FFA2300069EC0 /* DatabaseManager.swift in Sources */ = {isa = PBXBuildFile; fileRef = A54E4C4C250FFA2200069EC0 /* DatabaseManager.swift */; };
		A8AA06C40C9BBAC792BB6CE1 /* Pods_Messenger.framework in Frameworks */ = {isa = PBXBuildFile; fileRef = BF36DB4D786619F2DF15AE56 /* Pods_Messenger.framework */; };
/* End PBXBuildFile section */

/* Begin PBXFileReference section */
		A54E07A2250E75EC00BE8E3A /* Messenger.app */ = {isa = PBXFileReference; explicitFileType = wrapper.application; includeInIndex = 0; path = Messenger.app; sourceTree = BUILT_PRODUCTS_DIR; };
		A54E07A5250E75EC00BE8E3A /* AppDelegate.swift */ = {isa = PBXFileReference; lastKnownFileType = sourcecode.swift; path = AppDelegate.swift; sourceTree = "<group>"; };
		A54E07A7250E75EC00BE8E3A /* SceneDelegate.swift */ = {isa = PBXFileReference; lastKnownFileType = sourcecode.swift; path = SceneDelegate.swift; sourceTree = "<group>"; };
		A54E07A9250E75EC00BE8E3A /* ConversationsViewController.swift */ = {isa = PBXFileReference; lastKnownFileType = sourcecode.swift; path = ConversationsViewController.swift; sourceTree = "<group>"; };
		A54E07AC250E75EC00BE8E3A /* Base */ = {isa = PBXFileReference; lastKnownFileType = file.storyboard; name = Base; path = Base.lproj/Main.storyboard; sourceTree = "<group>"; };
		A54E07AE250E75F000BE8E3A /* Assets.xcassets */ = {isa = PBXFileReference; lastKnownFileType = folder.assetcatalog; path = Assets.xcassets; sourceTree = "<group>"; };
		A54E07B1250E75F000BE8E3A /* Base */ = {isa = PBXFileReference; lastKnownFileType = file.storyboard; name = Base; path = Base.lproj/LaunchScreen.storyboard; sourceTree = "<group>"; };
		A54E07B3250E75F000BE8E3A /* Info.plist */ = {isa = PBXFileReference; lastKnownFileType = text.plist.xml; path = Info.plist; sourceTree = "<group>"; };
		A54E07BF250E79B100BE8E3A /* LoginViewController.swift */ = {isa = PBXFileReference; lastKnownFileType = sourcecode.swift; path = LoginViewController.swift; sourceTree = "<group>"; };
		A54E07C1250E79CF00BE8E3A /* RegisterViewController.swift */ = {isa = PBXFileReference; lastKnownFileType = sourcecode.swift; path = RegisterViewController.swift; sourceTree = "<group>"; };
		A54E07C3250E7A0100BE8E3A /* PhotoViewerViewController.swift */ = {isa = PBXFileReference; lastKnownFileType = sourcecode.swift; path = PhotoViewerViewController.swift; sourceTree = "<group>"; };
		A54E07C5250E7A1A00BE8E3A /* VideoPlayerViewController.swift */ = {isa = PBXFileReference; lastKnownFileType = sourcecode.swift; path = VideoPlayerViewController.swift; sourceTree = "<group>"; };
		A54E07C7250E7A4900BE8E3A /* NewConversationViewController.swift */ = {isa = PBXFileReference; lastKnownFileType = sourcecode.swift; path = NewConversationViewController.swift; sourceTree = "<group>"; };
		A54E07C9250E7AF400BE8E3A /* ProfileViewController.swift */ = {isa = PBXFileReference; lastKnownFileType = sourcecode.swift; path = ProfileViewController.swift; sourceTree = "<group>"; };
		A54E07CC250E8DD500BE8E3A /* Extensions.swift */ = {isa = PBXFileReference; lastKnownFileType = sourcecode.swift; path = Extensions.swift; sourceTree = "<group>"; };
		A54E4C4A250F822900069EC0 /* GoogleService-Info.plist */ = {isa = PBXFileReference; fileEncoding = 4; lastKnownFileType = text.plist.xml; path = "GoogleService-Info.plist"; sourceTree = "<group>"; };
		A54E4C4C250FFA2200069EC0 /* DatabaseManager.swift */ = {isa = PBXFileReference; lastKnownFileType = sourcecode.swift; path = DatabaseManager.swift; sourceTree = "<group>"; };
		BF36DB4D786619F2DF15AE56 /* Pods_Messenger.framework */ = {isa = PBXFileReference; explicitFileType = wrapper.framework; includeInIndex = 0; path = Pods_Messenger.framework; sourceTree = BUILT_PRODUCTS_DIR; };
		DBF239F605C733CCC3550D16 /* Pods-Messenger.release.xcconfig */ = {isa = PBXFileReference; includeInIndex = 1; lastKnownFileType = text.xcconfig; name = "Pods-Messenger.release.xcconfig"; path = "Target Support Files/Pods-Messenger/Pods-Messenger.release.xcconfig"; sourceTree = "<group>"; };
		FB299D79B2CF7BAA66EC30EC /* Pods-Messenger.debug.xcconfig */ = {isa = PBXFileReference; includeInIndex = 1; lastKnownFileType = text.xcconfig; name = "Pods-Messenger.debug.xcconfig"; path = "Target Support Files/Pods-Messenger/Pods-Messenger.debug.xcconfig"; sourceTree = "<group>"; };
/* End PBXFileReference section */

/* Begin PBXFrameworksBuildPhase section */
		A54E079F250E75EC00BE8E3A /* Frameworks */ = {
			isa = PBXFrameworksBuildPhase;
			buildActionMask = 2147483647;
			files = (
				A8AA06C40C9BBAC792BB6CE1 /* Pods_Messenger.framework in Frameworks */,
			);
			runOnlyForDeploymentPostprocessing = 0;
		};
/* End PBXFrameworksBuildPhase section */

/* Begin PBXGroup section */
		656DEBAFBFA8F4F5E7A38B1F /* Frameworks */ = {
			isa = PBXGroup;
			children = (
				BF36DB4D786619F2DF15AE56 /* Pods_Messenger.framework */,
			);
			name = Frameworks;
			sourceTree = "<group>";
		};
		A54E0799250E75EC00BE8E3A = {
			isa = PBXGroup;
			children = (
				A54E07A4250E75EC00BE8E3A /* Messenger */,
				A54E07A3250E75EC00BE8E3A /* Products */,
				EC849918B02944A0E67E9B33 /* Pods */,
				656DEBAFBFA8F4F5E7A38B1F /* Frameworks */,
			);
			sourceTree = "<group>";
		};
		A54E07A3250E75EC00BE8E3A /* Products */ = {
			isa = PBXGroup;
			children = (
				A54E07A2250E75EC00BE8E3A /* Messenger.app */,
			);
			name = Products;
			sourceTree = "<group>";
		};
		A54E07A4250E75EC00BE8E3A /* Messenger */ = {
			isa = PBXGroup;
			children = (
				A54E4C4A250F822900069EC0 /* GoogleService-Info.plist */,
				A54E07BD250E782500BE8E3A /* Resources */,
				A54E07BC250E781300BE8E3A /* ViewModels */,
				A54E07BB250E780300BE8E3A /* Models */,
				A54E07BA250E77F200BE8E3A /* Views */,
				A54E07B9250E77DF00BE8E3A /* Controllers */,
				A54E07B3250E75F000BE8E3A /* Info.plist */,
			);
			path = Messenger;
			sourceTree = "<group>";
		};
		A54E07B9250E77DF00BE8E3A /* Controllers */ = {
			isa = PBXGroup;
			children = (
				A54E07A9250E75EC00BE8E3A /* ConversationsViewController.swift */,
				A54E07CB250E865E00BE8E3A /* Login */,
				A54E07C3250E7A0100BE8E3A /* PhotoViewerViewController.swift */,
				A54E07C5250E7A1A00BE8E3A /* VideoPlayerViewController.swift */,
				A54E07C7250E7A4900BE8E3A /* NewConversationViewController.swift */,
				A54E07C9250E7AF400BE8E3A /* ProfileViewController.swift */,
			);
			path = Controllers;
			sourceTree = "<group>";
		};
		A54E07BA250E77F200BE8E3A /* Views */ = {
			isa = PBXGroup;
			children = (
				A54E07BE250E787D00BE8E3A /* Storyboards */,
				A54E07AE250E75F000BE8E3A /* Assets.xcassets */,
			);
			path = Views;
			sourceTree = "<group>";
		};
		A54E07BB250E780300BE8E3A /* Models */ = {
			isa = PBXGroup;
			children = (
			);
			path = Models;
			sourceTree = "<group>";
		};
		A54E07BC250E781300BE8E3A /* ViewModels */ = {
			isa = PBXGroup;
			children = (
			);
			path = ViewModels;
			sourceTree = "<group>";
		};
		A54E07BD250E782500BE8E3A /* Resources */ = {
			isa = PBXGroup;
			children = (
				A54E07A5250E75EC00BE8E3A /* AppDelegate.swift */,
				A54E07A7250E75EC00BE8E3A /* SceneDelegate.swift */,
				A54E07CC250E8DD500BE8E3A /* Extensions.swift */,
				A54E4C4C250FFA2200069EC0 /* DatabaseManager.swift */,
			);
			path = Resources;
			sourceTree = "<group>";
		};
		A54E07BE250E787D00BE8E3A /* Storyboards */ = {
			isa = PBXGroup;
			children = (
				A54E07B0250E75F000BE8E3A /* LaunchScreen.storyboard */,
				A54E07AB250E75EC00BE8E3A /* Main.storyboard */,
			);
			path = Storyboards;
			sourceTree = "<group>";
		};
		A54E07CB250E865E00BE8E3A /* Login */ = {
			isa = PBXGroup;
			children = (
				A54E07BF250E79B100BE8E3A /* LoginViewController.swift */,
				A54E07C1250E79CF00BE8E3A /* RegisterViewController.swift */,
			);
			path = Login;
			sourceTree = "<group>";
		};
		EC849918B02944A0E67E9B33 /* Pods */ = {
			isa = PBXGroup;
			children = (
				FB299D79B2CF7BAA66EC30EC /* Pods-Messenger.debug.xcconfig */,
				DBF239F605C733CCC3550D16 /* Pods-Messenger.release.xcconfig */,
			);
			path = Pods;
			sourceTree = "<group>";
		};
/* End PBXGroup section */

/* Begin PBXNativeTarget section */
		A54E07A1250E75EC00BE8E3A /* Messenger */ = {
			isa = PBXNativeTarget;
			buildConfigurationList = A54E07B6250E75F000BE8E3A /* Build configuration list for PBXNativeTarget "Messenger" */;
			buildPhases = (
				A0646F8903D144F75C8A5889 /* [CP] Check Pods Manifest.lock */,
				A54E079E250E75EC00BE8E3A /* Sources */,
				A54E079F250E75EC00BE8E3A /* Frameworks */,
				A54E07A0250E75EC00BE8E3A /* Resources */,
				200CF3A9C686ADDC7471864B /* [CP] Embed Pods Frameworks */,
				B8656EA3D3C7009081A67BC3 /* [CP] Copy Pods Resources */,
			);
			buildRules = (
			);
			dependencies = (
			);
			name = Messenger;
			productName = Messenger;
			productReference = A54E07A2250E75EC00BE8E3A /* Messenger.app */;
			productType = "com.apple.product-type.application";
		};
/* End PBXNativeTarget section */

/* Begin PBXProject section */
		A54E079A250E75EC00BE8E3A /* Project object */ = {
			isa = PBXProject;
			attributes = {
				LastSwiftUpdateCheck = 1170;
				LastUpgradeCheck = 1170;
				ORGANIZATIONNAME = "Chsherbak Sergey";
				TargetAttributes = {
					A54E07A1250E75EC00BE8E3A = {
						CreatedOnToolsVersion = 11.7;
					};
				};
			};
			buildConfigurationList = A54E079D250E75EC00BE8E3A /* Build configuration list for PBXProject "Messenger" */;
			compatibilityVersion = "Xcode 9.3";
			developmentRegion = en;
			hasScannedForEncodings = 0;
			knownRegions = (
				en,
				Base,
			);
			mainGroup = A54E0799250E75EC00BE8E3A;
			productRefGroup = A54E07A3250E75EC00BE8E3A /* Products */;
			projectDirPath = "";
			projectRoot = "";
			targets = (
				A54E07A1250E75EC00BE8E3A /* Messenger */,
			);
		};
/* End PBXProject section */

/* Begin PBXResourcesBuildPhase section */
		A54E07A0250E75EC00BE8E3A /* Resources */ = {
			isa = PBXResourcesBuildPhase;
			buildActionMask = 2147483647;
			files = (
				A54E07B2250E75F000BE8E3A /* LaunchScreen.storyboard in Resources */,
				A54E4C4B250F822900069EC0 /* GoogleService-Info.plist in Resources */,
				A54E07AF250E75F000BE8E3A /* Assets.xcassets in Resources */,
				A54E07AD250E75EC00BE8E3A /* Main.storyboard in Resources */,
			);
			runOnlyForDeploymentPostprocessing = 0;
		};
/* End PBXResourcesBuildPhase section */

/* Begin PBXShellScriptBuildPhase section */
		200CF3A9C686ADDC7471864B /* [CP] Embed Pods Frameworks */ = {
			isa = PBXShellScriptBuildPhase;
			buildActionMask = 2147483647;
			files = (
			);
			inputFileListPaths = (
				"${PODS_ROOT}/Target Support Files/Pods-Messenger/Pods-Messenger-frameworks-${CONFIGURATION}-input-files.xcfilelist",
			);
			name = "[CP] Embed Pods Frameworks";
			outputFileListPaths = (
				"${PODS_ROOT}/Target Support Files/Pods-Messenger/Pods-Messenger-frameworks-${CONFIGURATION}-output-files.xcfilelist",
			);
			runOnlyForDeploymentPostprocessing = 0;
			shellPath = /bin/sh;
			shellScript = "\"${PODS_ROOT}/Target Support Files/Pods-Messenger/Pods-Messenger-frameworks.sh\"\n";
			showEnvVarsInLog = 0;
		};
		A0646F8903D144F75C8A5889 /* [CP] Check Pods Manifest.lock */ = {
			isa = PBXShellScriptBuildPhase;
			buildActionMask = 2147483647;
			files = (
			);
			inputFileListPaths = (
			);
			inputPaths = (
				"${PODS_PODFILE_DIR_PATH}/Podfile.lock",
				"${PODS_ROOT}/Manifest.lock",
			);
			name = "[CP] Check Pods Manifest.lock";
			outputFileListPaths = (
			);
			outputPaths = (
				"$(DERIVED_FILE_DIR)/Pods-Messenger-checkManifestLockResult.txt",
			);
			runOnlyForDeploymentPostprocessing = 0;
			shellPath = /bin/sh;
			shellScript = "diff \"${PODS_PODFILE_DIR_PATH}/Podfile.lock\" \"${PODS_ROOT}/Manifest.lock\" > /dev/null\nif [ $? != 0 ] ; then\n    # print error to STDERR\n    echo \"error: The sandbox is not in sync with the Podfile.lock. Run 'pod install' or update your CocoaPods installation.\" >&2\n    exit 1\nfi\n# This output is used by Xcode 'outputs' to avoid re-running this script phase.\necho \"SUCCESS\" > \"${SCRIPT_OUTPUT_FILE_0}\"\n";
			showEnvVarsInLog = 0;
		};
		B8656EA3D3C7009081A67BC3 /* [CP] Copy Pods Resources */ = {
			isa = PBXShellScriptBuildPhase;
			buildActionMask = 2147483647;
			files = (
			);
			inputFileListPaths = (
				"${PODS_ROOT}/Target Support Files/Pods-Messenger/Pods-Messenger-resources-${CONFIGURATION}-input-files.xcfilelist",
			);
			name = "[CP] Copy Pods Resources";
			outputFileListPaths = (
				"${PODS_ROOT}/Target Support Files/Pods-Messenger/Pods-Messenger-resources-${CONFIGURATION}-output-files.xcfilelist",
			);
			runOnlyForDeploymentPostprocessing = 0;
			shellPath = /bin/sh;
			shellScript = "\"${PODS_ROOT}/Target Support Files/Pods-Messenger/Pods-Messenger-resources.sh\"\n";
			showEnvVarsInLog = 0;
		};
/* End PBXShellScriptBuildPhase section */

/* Begin PBXSourcesBuildPhase section */
		A54E079E250E75EC00BE8E3A /* Sources */ = {
			isa = PBXSourcesBuildPhase;
			buildActionMask = 2147483647;
			files = (
				A54E07C0250E79B100BE8E3A /* LoginViewController.swift in Sources */,
				A54E4C4D250FFA2300069EC0 /* DatabaseManager.swift in Sources */,
				A54E07C2250E79CF00BE8E3A /* RegisterViewController.swift in Sources */,
				A54E07C8250E7A4900BE8E3A /* NewConversationViewController.swift in Sources */,
				A54E07AA250E75EC00BE8E3A /* ConversationsViewController.swift in Sources */,
				A54E07C6250E7A1A00BE8E3A /* VideoPlayerViewController.swift in Sources */,
				A54E07CD250E8DD500BE8E3A /* Extensions.swift in Sources */,
				A54E07A6250E75EC00BE8E3A /* AppDelegate.swift in Sources */,
				A54E07CA250E7AF400BE8E3A /* ProfileViewController.swift in Sources */,
				A54E07A8250E75EC00BE8E3A /* SceneDelegate.swift in Sources */,
				A54E07C4250E7A0100BE8E3A /* PhotoViewerViewController.swift in Sources */,
			);
			runOnlyForDeploymentPostprocessing = 0;
		};
/* End PBXSourcesBuildPhase section */

/* Begin PBXVariantGroup section */
		A54E07AB250E75EC00BE8E3A /* Main.storyboard */ = {
			isa = PBXVariantGroup;
			children = (
				A54E07AC250E75EC00BE8E3A /* Base */,
			);
			name = Main.storyboard;
			sourceTree = "<group>";
		};
		A54E07B0250E75F000BE8E3A /* LaunchScreen.storyboard */ = {
			isa = PBXVariantGroup;
			children = (
				A54E07B1250E75F000BE8E3A /* Base */,
			);
			name = LaunchScreen.storyboard;
			sourceTree = "<group>";
		};
/* End PBXVariantGroup section */

/* Begin XCBuildConfiguration section */
		A54E07B4250E75F000BE8E3A /* Debug */ = {
			isa = XCBuildConfiguration;
			buildSettings = {
				ALWAYS_SEARCH_USER_PATHS = NO;
				CLANG_ANALYZER_NONNULL = YES;
				CLANG_ANALYZER_NUMBER_OBJECT_CONVERSION = YES_AGGRESSIVE;
				CLANG_CXX_LANGUAGE_STANDARD = "gnu++14";
				CLANG_CXX_LIBRARY = "libc++";
				CLANG_ENABLE_MODULES = YES;
				CLANG_ENABLE_OBJC_ARC = YES;
				CLANG_ENABLE_OBJC_WEAK = YES;
				CLANG_WARN_BLOCK_CAPTURE_AUTORELEASING = YES;
				CLANG_WARN_BOOL_CONVERSION = YES;
				CLANG_WARN_COMMA = YES;
				CLANG_WARN_CONSTANT_CONVERSION = YES;
				CLANG_WARN_DEPRECATED_OBJC_IMPLEMENTATIONS = YES;
				CLANG_WARN_DIRECT_OBJC_ISA_USAGE = YES_ERROR;
				CLANG_WARN_DOCUMENTATION_COMMENTS = YES;
				CLANG_WARN_EMPTY_BODY = YES;
				CLANG_WARN_ENUM_CONVERSION = YES;
				CLANG_WARN_INFINITE_RECURSION = YES;
				CLANG_WARN_INT_CONVERSION = YES;
				CLANG_WARN_NON_LITERAL_NULL_CONVERSION = YES;
				CLANG_WARN_OBJC_IMPLICIT_RETAIN_SELF = YES;
				CLANG_WARN_OBJC_LITERAL_CONVERSION = YES;
				CLANG_WARN_OBJC_ROOT_CLASS = YES_ERROR;
				CLANG_WARN_RANGE_LOOP_ANALYSIS = YES;
				CLANG_WARN_STRICT_PROTOTYPES = YES;
				CLANG_WARN_SUSPICIOUS_MOVE = YES;
				CLANG_WARN_UNGUARDED_AVAILABILITY = YES_AGGRESSIVE;
				CLANG_WARN_UNREACHABLE_CODE = YES;
				CLANG_WARN__DUPLICATE_METHOD_MATCH = YES;
				COPY_PHASE_STRIP = NO;
				DEBUG_INFORMATION_FORMAT = dwarf;
				ENABLE_STRICT_OBJC_MSGSEND = YES;
				ENABLE_TESTABILITY = YES;
				GCC_C_LANGUAGE_STANDARD = gnu11;
				GCC_DYNAMIC_NO_PIC = NO;
				GCC_NO_COMMON_BLOCKS = YES;
				GCC_OPTIMIZATION_LEVEL = 0;
				GCC_PREPROCESSOR_DEFINITIONS = (
					"DEBUG=1",
					"$(inherited)",
				);
				GCC_WARN_64_TO_32_BIT_CONVERSION = YES;
				GCC_WARN_ABOUT_RETURN_TYPE = YES_ERROR;
				GCC_WARN_UNDECLARED_SELECTOR = YES;
				GCC_WARN_UNINITIALIZED_AUTOS = YES_AGGRESSIVE;
				GCC_WARN_UNUSED_FUNCTION = YES;
				GCC_WARN_UNUSED_VARIABLE = YES;
				IPHONEOS_DEPLOYMENT_TARGET = 13.7;
				MTL_ENABLE_DEBUG_INFO = INCLUDE_SOURCE;
				MTL_FAST_MATH = YES;
				ONLY_ACTIVE_ARCH = YES;
				SDKROOT = iphoneos;
				SWIFT_ACTIVE_COMPILATION_CONDITIONS = DEBUG;
				SWIFT_OPTIMIZATION_LEVEL = "-Onone";
			};
			name = Debug;
		};
		A54E07B5250E75F000BE8E3A /* Release */ = {
			isa = XCBuildConfiguration;
			buildSettings = {
				ALWAYS_SEARCH_USER_PATHS = NO;
				CLANG_ANALYZER_NONNULL = YES;
				CLANG_ANALYZER_NUMBER_OBJECT_CONVERSION = YES_AGGRESSIVE;
				CLANG_CXX_LANGUAGE_STANDARD = "gnu++14";
				CLANG_CXX_LIBRARY = "libc++";
				CLANG_ENABLE_MODULES = YES;
				CLANG_ENABLE_OBJC_ARC = YES;
				CLANG_ENABLE_OBJC_WEAK = YES;
				CLANG_WARN_BLOCK_CAPTURE_AUTORELEASING = YES;
				CLANG_WARN_BOOL_CONVERSION = YES;
				CLANG_WARN_COMMA = YES;
				CLANG_WARN_CONSTANT_CONVERSION = YES;
				CLANG_WARN_DEPRECATED_OBJC_IMPLEMENTATIONS = YES;
				CLANG_WARN_DIRECT_OBJC_ISA_USAGE = YES_ERROR;
				CLANG_WARN_DOCUMENTATION_COMMENTS = YES;
				CLANG_WARN_EMPTY_BODY = YES;
				CLANG_WARN_ENUM_CONVERSION = YES;
				CLANG_WARN_INFINITE_RECURSION = YES;
				CLANG_WARN_INT_CONVERSION = YES;
				CLANG_WARN_NON_LITERAL_NULL_CONVERSION = YES;
				CLANG_WARN_OBJC_IMPLICIT_RETAIN_SELF = YES;
				CLANG_WARN_OBJC_LITERAL_CONVERSION = YES;
				CLANG_WARN_OBJC_ROOT_CLASS = YES_ERROR;
				CLANG_WARN_RANGE_LOOP_ANALYSIS = YES;
				CLANG_WARN_STRICT_PROTOTYPES = YES;
				CLANG_WARN_SUSPICIOUS_MOVE = YES;
				CLANG_WARN_UNGUARDED_AVAILABILITY = YES_AGGRESSIVE;
				CLANG_WARN_UNREACHABLE_CODE = YES;
				CLANG_WARN__DUPLICATE_METHOD_MATCH = YES;
				COPY_PHASE_STRIP = NO;
				DEBUG_INFORMATION_FORMAT = "dwarf-with-dsym";
				ENABLE_NS_ASSERTIONS = NO;
				ENABLE_STRICT_OBJC_MSGSEND = YES;
				GCC_C_LANGUAGE_STANDARD = gnu11;
				GCC_NO_COMMON_BLOCKS = YES;
				GCC_WARN_64_TO_32_BIT_CONVERSION = YES;
				GCC_WARN_ABOUT_RETURN_TYPE = YES_ERROR;
				GCC_WARN_UNDECLARED_SELECTOR = YES;
				GCC_WARN_UNINITIALIZED_AUTOS = YES_AGGRESSIVE;
				GCC_WARN_UNUSED_FUNCTION = YES;
				GCC_WARN_UNUSED_VARIABLE = YES;
				IPHONEOS_DEPLOYMENT_TARGET = 13.7;
				MTL_ENABLE_DEBUG_INFO = NO;
				MTL_FAST_MATH = YES;
				SDKROOT = iphoneos;
				SWIFT_COMPILATION_MODE = wholemodule;
				SWIFT_OPTIMIZATION_LEVEL = "-O";
				VALIDATE_PRODUCT = YES;
			};
			name = Release;
		};
		A54E07B7250E75F000BE8E3A /* Debug */ = {
			isa = XCBuildConfiguration;
			baseConfigurationReference = FB299D79B2CF7BAA66EC30EC /* Pods-Messenger.debug.xcconfig */;
			buildSettings = {
				ASSETCATALOG_COMPILER_APPICON_NAME = AppIcon;
				CODE_SIGN_STYLE = Automatic;
				DEVELOPMENT_TEAM = GUF6JQVK4V;
				INFOPLIST_FILE = Messenger/Info.plist;
				IPHONEOS_DEPLOYMENT_TARGET = 13.5;
				LD_RUNPATH_SEARCH_PATHS = (
					"$(inherited)",
					"@executable_path/Frameworks",
				);
				PRODUCT_BUNDLE_IDENTIFIER = com.chsherbaksergey.Messenger;
				PRODUCT_NAME = "$(TARGET_NAME)";
				SWIFT_VERSION = 5.0;
				TARGETED_DEVICE_FAMILY = "1,2";
			};
			name = Debug;
		};
		A54E07B8250E75F000BE8E3A /* Release */ = {
			isa = XCBuildConfiguration;
			baseConfigurationReference = DBF239F605C733CCC3550D16 /* Pods-Messenger.release.xcconfig */;
			buildSettings = {
				ASSETCATALOG_COMPILER_APPICON_NAME = AppIcon;
				CODE_SIGN_STYLE = Automatic;
				DEVELOPMENT_TEAM = GUF6JQVK4V;
				INFOPLIST_FILE = Messenger/Info.plist;
				IPHONEOS_DEPLOYMENT_TARGET = 13.5;
				LD_RUNPATH_SEARCH_PATHS = (
					"$(inherited)",
					"@executable_path/Frameworks",
				);
				PRODUCT_BUNDLE_IDENTIFIER = com.chsherbaksergey.Messenger;
				PRODUCT_NAME = "$(TARGET_NAME)";
				SWIFT_VERSION = 5.0;
				TARGETED_DEVICE_FAMILY = "1,2";
			};
			name = Release;
		};
/* End XCBuildConfiguration section */

/* Begin XCConfigurationList section */
		A54E079D250E75EC00BE8E3A /* Build configuration list for PBXProject "Messenger" */ = {
			isa = XCConfigurationList;
			buildConfigurations = (
				A54E07B4250E75F000BE8E3A /* Debug */,
				A54E07B5250E75F000BE8E3A /* Release */,
			);
			defaultConfigurationIsVisible = 0;
			defaultConfigurationName = Release;
		};
		A54E07B6250E75F000BE8E3A /* Build configuration list for PBXNativeTarget "Messenger" */ = {
			isa = XCConfigurationList;
			buildConfigurations = (
				A54E07B7250E75F000BE8E3A /* Debug */,
				A54E07B8250E75F000BE8E3A /* Release */,
			);
			defaultConfigurationIsVisible = 0;
			defaultConfigurationName = Release;
		};
/* End XCConfigurationList section */
	};
	rootObject = A54E079A250E75EC00BE8E3A /* Project object */;
}
